
Microsoft Visual Studio Solution File, Format Version 12.00
# Visual Studio 15
VisualStudioVersion = 15.0.27130.2024
MinimumVisualStudioVersion = 10.0.40219.1
Project("{FAE04EC0-301F-11D3-BF4B-00C04F79EFBC}") = "SharedCookieTest", "SharedCookieTest\SharedCookieTest.csproj", "{29F9349C-1EC2-4C6E-972E-636D7C80D4A8}"
EndProject
Global
	GlobalSection(SolutionConfigurationPlatforms) = preSolution
		Debug|Any CPU = Debug|Any CPU
		Release|Any CPU = Release|Any CPU
	EndGlobalSection
	GlobalSection(ProjectConfigurationPlatforms) = postSolution
		{29F9349C-1EC2-4C6E-972E-636D7C80D4A8}.Debug|Any CPU.ActiveCfg = Debug|Any CPU
		{29F9349C-1EC2-4C6E-972E-636D7C80D4A8}.Debug|Any CPU.Build.0 = Debug|Any CPU
		{29F9349C-1EC2-4C6E-972E-636D7C80D4A8}.Release|Any CPU.ActiveCfg = Release|Any CPU
		{29F9349C-1EC2-4C6E-972E-636D7C80D4A8}.Release|Any CPU.Build.0 = Release|Any CPU
	EndGlobalSection
	GlobalSection(SolutionProperties) = preSolution
		HideSolutionNode = FALSE
	EndGlobalSection
	GlobalSection(ExtensibilityGlobals) = postSolution
		SolutionGuid = {79ACDF55-909A-4371-A7CE-8BA07328F576}
	EndGlobalSection
EndGlobal
